// !$*UTF8*$!
{
	archiveVersion = 1;
	classes = {
	};
	objectVersion = 55;
	objects = {

/* Begin PBXBuildFile section */
		AF43ECDC2840303D0061D374 /* Items.json in Resources */ = {isa = PBXBuildFile; fileRef = AF43ECDB2840303D0061D374 /* Items.json */; };
		AF43ECDE284032500061D374 /* Item.swift in Sources */ = {isa = PBXBuildFile; fileRef = AF43ECDD284032500061D374 /* Item.swift */; };
		AFC620FA284042E0005F236C /* Model.xcdatamodeld in Sources */ = {isa = PBXBuildFile; fileRef = AFC620F8284042E0005F236C /* Model.xcdatamodeld */; };
		AFC620FD28411C6F005F236C /* ItemCell.swift in Sources */ = {isa = PBXBuildFile; fileRef = AFC620FC28411C6F005F236C /* ItemCell.swift */; };
		AFE3984D283FB7E200729F60 /* AppDelegate.swift in Sources */ = {isa = PBXBuildFile; fileRef = AFE3984C283FB7E200729F60 /* AppDelegate.swift */; };
		AFE3984F283FB7E200729F60 /* SceneDelegate.swift in Sources */ = {isa = PBXBuildFile; fileRef = AFE3984E283FB7E200729F60 /* SceneDelegate.swift */; };
		AFE39851283FB7E200729F60 /* ItemsVC.swift in Sources */ = {isa = PBXBuildFile; fileRef = AFE39850283FB7E200729F60 /* ItemsVC.swift */; };
		AFE39854283FB7E200729F60 /* Main.storyboard in Resources */ = {isa = PBXBuildFile; fileRef = AFE39852283FB7E200729F60 /* Main.storyboard */; };
		AFE39856283FB7E300729F60 /* Assets.xcassets in Resources */ = {isa = PBXBuildFile; fileRef = AFE39855283FB7E300729F60 /* Assets.xcassets */; };
		AFE39859283FB7E300729F60 /* LaunchScreen.storyboard in Resources */ = {isa = PBXBuildFile; fileRef = AFE39857283FB7E300729F60 /* LaunchScreen.storyboard */; };
		AFE58BD52843FDF4007DB750 /* Complects.json in Resources */ = {isa = PBXBuildFile; fileRef = AFE58BD42843FDF4007DB750 /* Complects.json */; };
		AFE58BDA28440075007DB750 /* Category.swift in Sources */ = {isa = PBXBuildFile; fileRef = AFE58BD928440075007DB750 /* Category.swift */; };
		AFE58BDC28440083007DB750 /* Complect.swift in Sources */ = {isa = PBXBuildFile; fileRef = AFE58BDB28440083007DB750 /* Complect.swift */; };
		AFE58BDE284518EC007DB750 /* ComplectsVC.swift in Sources */ = {isa = PBXBuildFile; fileRef = AFE58BDD284518EC007DB750 /* ComplectsVC.swift */; };
		AFE58BE0284577D7007DB750 /* ComplectCell.swift in Sources */ = {isa = PBXBuildFile; fileRef = AFE58BDF284577D7007DB750 /* ComplectCell.swift */; };
		AFE58BE2284577E5007DB750 /* ComplectInfoCell.swift in Sources */ = {isa = PBXBuildFile; fileRef = AFE58BE1284577E5007DB750 /* ComplectInfoCell.swift */; };
		AFE58BE4284686BE007DB750 /* ComplectItem.swift in Sources */ = {isa = PBXBuildFile; fileRef = AFE58BE3284686BE007DB750 /* ComplectItem.swift */; };
		AFE58BE82847E9D7007DB750 /* ListVC.swift in Sources */ = {isa = PBXBuildFile; fileRef = AFE58BE72847E9D7007DB750 /* ListVC.swift */; };
		AFE58BEA28480D37007DB750 /* ListCell.swift in Sources */ = {isa = PBXBuildFile; fileRef = AFE58BE928480D37007DB750 /* ListCell.swift */; };
/* End PBXBuildFile section */

/* Begin PBXFileReference section */
		AF43ECDB2840303D0061D374 /* Items.json */ = {isa = PBXFileReference; lastKnownFileType = text.json; path = Items.json; sourceTree = "<group>"; };
		AF43ECDD284032500061D374 /* Item.swift */ = {isa = PBXFileReference; lastKnownFileType = sourcecode.swift; path = Item.swift; sourceTree = "<group>"; };
		AFC620F9284042E0005F236C /* Model.xcdatamodel */ = {isa = PBXFileReference; lastKnownFileType = wrapper.xcdatamodel; path = Model.xcdatamodel; sourceTree = "<group>"; };
		AFC620FC28411C6F005F236C /* ItemCell.swift */ = {isa = PBXFileReference; lastKnownFileType = sourcecode.swift; path = ItemCell.swift; sourceTree = "<group>"; };
		AFE39849283FB7E200729F60 /* Complect.app */ = {isa = PBXFileReference; explicitFileType = wrapper.application; includeInIndex = 0; path = Complect.app; sourceTree = BUILT_PRODUCTS_DIR; };
		AFE3984C283FB7E200729F60 /* AppDelegate.swift */ = {isa = PBXFileReference; lastKnownFileType = sourcecode.swift; path = AppDelegate.swift; sourceTree = "<group>"; };
		AFE3984E283FB7E200729F60 /* SceneDelegate.swift */ = {isa = PBXFileReference; lastKnownFileType = sourcecode.swift; path = SceneDelegate.swift; sourceTree = "<group>"; };
		AFE39850283FB7E200729F60 /* ItemsVC.swift */ = {isa = PBXFileReference; lastKnownFileType = sourcecode.swift; path = ItemsVC.swift; sourceTree = "<group>"; };
		AFE39853283FB7E200729F60 /* Base */ = {isa = PBXFileReference; lastKnownFileType = file.storyboard; name = Base; path = Base.lproj/Main.storyboard; sourceTree = "<group>"; };
		AFE39855283FB7E300729F60 /* Assets.xcassets */ = {isa = PBXFileReference; lastKnownFileType = folder.assetcatalog; path = Assets.xcassets; sourceTree = "<group>"; };
		AFE39858283FB7E300729F60 /* Base */ = {isa = PBXFileReference; lastKnownFileType = file.storyboard; name = Base; path = Base.lproj/LaunchScreen.storyboard; sourceTree = "<group>"; };
		AFE3985A283FB7E300729F60 /* Info.plist */ = {isa = PBXFileReference; lastKnownFileType = text.plist.xml; path = Info.plist; sourceTree = "<group>"; };
		AFE58BD42843FDF4007DB750 /* Complects.json */ = {isa = PBXFileReference; lastKnownFileType = text.json; path = Complects.json; sourceTree = "<group>"; };
		AFE58BD928440075007DB750 /* Category.swift */ = {isa = PBXFileReference; lastKnownFileType = sourcecode.swift; path = Category.swift; sourceTree = "<group>"; };
		AFE58BDB28440083007DB750 /* Complect.swift */ = {isa = PBXFileReference; lastKnownFileType = sourcecode.swift; path = Complect.swift; sourceTree = "<group>"; };
		AFE58BDD284518EC007DB750 /* ComplectsVC.swift */ = {isa = PBXFileReference; lastKnownFileType = sourcecode.swift; path = ComplectsVC.swift; sourceTree = "<group>"; };
		AFE58BDF284577D7007DB750 /* ComplectCell.swift */ = {isa = PBXFileReference; lastKnownFileType = sourcecode.swift; path = ComplectCell.swift; sourceTree = "<group>"; };
		AFE58BE1284577E5007DB750 /* ComplectInfoCell.swift */ = {isa = PBXFileReference; lastKnownFileType = sourcecode.swift; path = ComplectInfoCell.swift; sourceTree = "<group>"; };
		AFE58BE3284686BE007DB750 /* ComplectItem.swift */ = {isa = PBXFileReference; lastKnownFileType = sourcecode.swift; path = ComplectItem.swift; sourceTree = "<group>"; };
		AFE58BE72847E9D7007DB750 /* ListVC.swift */ = {isa = PBXFileReference; lastKnownFileType = sourcecode.swift; path = ListVC.swift; sourceTree = "<group>"; };
		AFE58BE928480D37007DB750 /* ListCell.swift */ = {isa = PBXFileReference; lastKnownFileType = sourcecode.swift; path = ListCell.swift; sourceTree = "<group>"; };
		AFE58BEB2848C6E2007DB750 /* ru */ = {isa = PBXFileReference; lastKnownFileType = text.plist.strings; name = ru; path = ru.lproj/LaunchScreen.strings; sourceTree = "<group>"; };
		AFE58BEC2848C6E2007DB750 /* ru */ = {isa = PBXFileReference; lastKnownFileType = text.plist.strings; name = ru; path = ru.lproj/Main.strings; sourceTree = "<group>"; };
/* End PBXFileReference section */

/* Begin PBXFrameworksBuildPhase section */
		AFE39846283FB7E200729F60 /* Frameworks */ = {
			isa = PBXFrameworksBuildPhase;
			buildActionMask = 2147483647;
			files = (
			);
			runOnlyForDeploymentPostprocessing = 0;
		};
/* End PBXFrameworksBuildPhase section */

/* Begin PBXGroup section */
		AFC620FB284042FE005F236C /* Model */ = {
			isa = PBXGroup;
			children = (
				AFC620F8284042E0005F236C /* Model.xcdatamodeld */,
				AF43ECDD284032500061D374 /* Item.swift */,
				AFE58BD928440075007DB750 /* Category.swift */,
				AFE58BDB28440083007DB750 /* Complect.swift */,
				AFE58BE3284686BE007DB750 /* ComplectItem.swift */,
			);
			path = Model;
			sourceTree = "<group>";
		};
		AFE39840283FB7E200729F60 = {
			isa = PBXGroup;
			children = (
				AFE3984B283FB7E200729F60 /* Complect */,
				AFE3984A283FB7E200729F60 /* Products */,
			);
			sourceTree = "<group>";
		};
		AFE3984A283FB7E200729F60 /* Products */ = {
			isa = PBXGroup;
			children = (
				AFE39849283FB7E200729F60 /* Complect.app */,
			);
			name = Products;
			sourceTree = "<group>";
		};
		AFE3984B283FB7E200729F60 /* Complect */ = {
			isa = PBXGroup;
			children = (
				AFE58BD72843FFEC007DB750 /* ViewControllers */,
				AFE58BD828440012007DB750 /* Views */,
				AFC620FB284042FE005F236C /* Model */,
				AFE58BD62843FE04007DB750 /* Data */,
				AFE39860283FB7F800729F60 /* Supporting Files */,
				AFE39852283FB7E200729F60 /* Main.storyboard */,
				AFE39855283FB7E300729F60 /* Assets.xcassets */,
				AFE3985A283FB7E300729F60 /* Info.plist */,
			);
			path = Complect;
			sourceTree = "<group>";
		};
		AFE39860283FB7F800729F60 /* Supporting Files */ = {
			isa = PBXGroup;
			children = (
				AFE3984C283FB7E200729F60 /* AppDelegate.swift */,
				AFE3984E283FB7E200729F60 /* SceneDelegate.swift */,
				AFE39857283FB7E300729F60 /* LaunchScreen.storyboard */,
			);
			path = "Supporting Files";
			sourceTree = "<group>";
		};
		AFE58BD62843FE04007DB750 /* Data */ = {
			isa = PBXGroup;
			children = (
				AF43ECDB2840303D0061D374 /* Items.json */,
				AFE58BD42843FDF4007DB750 /* Complects.json */,
			);
			path = Data;
			sourceTree = "<group>";
		};
		AFE58BD72843FFEC007DB750 /* ViewControllers */ = {
			isa = PBXGroup;
			children = (
				AFE39850283FB7E200729F60 /* ItemsVC.swift */,
				AFE58BE72847E9D7007DB750 /* ListVC.swift */,
				AFE58BDD284518EC007DB750 /* ComplectsVC.swift */,
			);
			path = ViewControllers;
			sourceTree = "<group>";
		};
		AFE58BD828440012007DB750 /* Views */ = {
			isa = PBXGroup;
			children = (
				AFC620FC28411C6F005F236C /* ItemCell.swift */,
				AFE58BDF284577D7007DB750 /* ComplectCell.swift */,
				AFE58BE1284577E5007DB750 /* ComplectInfoCell.swift */,
				AFE58BE928480D37007DB750 /* ListCell.swift */,
			);
			path = Views;
			sourceTree = "<group>";
		};
/* End PBXGroup section */

/* Begin PBXNativeTarget section */
		AFE39848283FB7E200729F60 /* Complect */ = {
			isa = PBXNativeTarget;
			buildConfigurationList = AFE3985D283FB7E300729F60 /* Build configuration list for PBXNativeTarget "Complect" */;
			buildPhases = (
				AFE39845283FB7E200729F60 /* Sources */,
				AFE39846283FB7E200729F60 /* Frameworks */,
				AFE39847283FB7E200729F60 /* Resources */,
			);
			buildRules = (
			);
			dependencies = (
			);
			name = Complect;
			productName = Complect;
			productReference = AFE39849283FB7E200729F60 /* Complect.app */;
			productType = "com.apple.product-type.application";
		};
/* End PBXNativeTarget section */

/* Begin PBXProject section */
		AFE39841283FB7E200729F60 /* Project object */ = {
			isa = PBXProject;
			attributes = {
				BuildIndependentTargetsInParallel = 1;
				LastSwiftUpdateCheck = 1320;
				LastUpgradeCheck = 1320;
				TargetAttributes = {
					AFE39848283FB7E200729F60 = {
						CreatedOnToolsVersion = 13.2.1;
					};
				};
			};
			buildConfigurationList = AFE39844283FB7E200729F60 /* Build configuration list for PBXProject "Complect" */;
			compatibilityVersion = "Xcode 13.0";
			developmentRegion = en;
			hasScannedForEncodings = 0;
			knownRegions = (
				en,
				Base,
				ru,
			);
			mainGroup = AFE39840283FB7E200729F60;
			productRefGroup = AFE3984A283FB7E200729F60 /* Products */;
			projectDirPath = "";
			projectRoot = "";
			targets = (
				AFE39848283FB7E200729F60 /* Complect */,
			);
		};
/* End PBXProject section */

/* Begin PBXResourcesBuildPhase section */
		AFE39847283FB7E200729F60 /* Resources */ = {
			isa = PBXResourcesBuildPhase;
			buildActionMask = 2147483647;
			files = (
				AFE58BD52843FDF4007DB750 /* Complects.json in Resources */,
				AF43ECDC2840303D0061D374 /* Items.json in Resources */,
				AFE39859283FB7E300729F60 /* LaunchScreen.storyboard in Resources */,
				AFE39856283FB7E300729F60 /* Assets.xcassets in Resources */,
				AFE39854283FB7E200729F60 /* Main.storyboard in Resources */,
			);
			runOnlyForDeploymentPostprocessing = 0;
		};
/* End PBXResourcesBuildPhase section */

/* Begin PBXSourcesBuildPhase section */
		AFE39845283FB7E200729F60 /* Sources */ = {
			isa = PBXSourcesBuildPhase;
			buildActionMask = 2147483647;
			files = (
				AFE58BE82847E9D7007DB750 /* ListVC.swift in Sources */,
				AFE58BDC28440083007DB750 /* Complect.swift in Sources */,
				AF43ECDE284032500061D374 /* Item.swift in Sources */,
				AFE58BEA28480D37007DB750 /* ListCell.swift in Sources */,
				AFE39851283FB7E200729F60 /* ItemsVC.swift in Sources */,
				AFE58BE4284686BE007DB750 /* ComplectItem.swift in Sources */,
				AFE58BE2284577E5007DB750 /* ComplectInfoCell.swift in Sources */,
				AFC620FD28411C6F005F236C /* ItemCell.swift in Sources */,
				AFE58BE0284577D7007DB750 /* ComplectCell.swift in Sources */,
				AFC620FA284042E0005F236C /* Model.xcdatamodeld in Sources */,
				AFE58BDE284518EC007DB750 /* ComplectsVC.swift in Sources */,
				AFE3984D283FB7E200729F60 /* AppDelegate.swift in Sources */,
				AFE3984F283FB7E200729F60 /* SceneDelegate.swift in Sources */,
				AFE58BDA28440075007DB750 /* Category.swift in Sources */,
			);
			runOnlyForDeploymentPostprocessing = 0;
		};
/* End PBXSourcesBuildPhase section */

/* Begin PBXVariantGroup section */
		AFE39852283FB7E200729F60 /* Main.storyboard */ = {
			isa = PBXVariantGroup;
			children = (
				AFE39853283FB7E200729F60 /* Base */,
				AFE58BEC2848C6E2007DB750 /* ru */,
			);
			name = Main.storyboard;
			sourceTree = "<group>";
		};
		AFE39857283FB7E300729F60 /* LaunchScreen.storyboard */ = {
			isa = PBXVariantGroup;
			children = (
				AFE39858283FB7E300729F60 /* Base */,
				AFE58BEB2848C6E2007DB750 /* ru */,
			);
			name = LaunchScreen.storyboard;
			sourceTree = "<group>";
		};
/* End PBXVariantGroup section */

/* Begin XCBuildConfiguration section */
		AFE3985B283FB7E300729F60 /* Debug */ = {
			isa = XCBuildConfiguration;
			buildSettings = {
				ALWAYS_SEARCH_USER_PATHS = NO;
				CLANG_ANALYZER_LOCALIZABILITY_NONLOCALIZED = YES;
				CLANG_ANALYZER_NONNULL = YES;
				CLANG_ANALYZER_NUMBER_OBJECT_CONVERSION = YES_AGGRESSIVE;
				CLANG_CXX_LANGUAGE_STANDARD = "gnu++17";
				CLANG_CXX_LIBRARY = "libc++";
				CLANG_ENABLE_MODULES = YES;
				CLANG_ENABLE_OBJC_ARC = YES;
				CLANG_ENABLE_OBJC_WEAK = YES;
				CLANG_WARN_BLOCK_CAPTURE_AUTORELEASING = YES;
				CLANG_WARN_BOOL_CONVERSION = YES;
				CLANG_WARN_COMMA = YES;
				CLANG_WARN_CONSTANT_CONVERSION = YES;
				CLANG_WARN_DEPRECATED_OBJC_IMPLEMENTATIONS = YES;
				CLANG_WARN_DIRECT_OBJC_ISA_USAGE = YES_ERROR;
				CLANG_WARN_DOCUMENTATION_COMMENTS = YES;
				CLANG_WARN_EMPTY_BODY = YES;
				CLANG_WARN_ENUM_CONVERSION = YES;
				CLANG_WARN_INFINITE_RECURSION = YES;
				CLANG_WARN_INT_CONVERSION = YES;
				CLANG_WARN_NON_LITERAL_NULL_CONVERSION = YES;
				CLANG_WARN_OBJC_IMPLICIT_RETAIN_SELF = YES;
				CLANG_WARN_OBJC_LITERAL_CONVERSION = YES;
				CLANG_WARN_OBJC_ROOT_CLASS = YES_ERROR;
				CLANG_WARN_QUOTED_INCLUDE_IN_FRAMEWORK_HEADER = YES;
				CLANG_WARN_RANGE_LOOP_ANALYSIS = YES;
				CLANG_WARN_STRICT_PROTOTYPES = YES;
				CLANG_WARN_SUSPICIOUS_MOVE = YES;
				CLANG_WARN_UNGUARDED_AVAILABILITY = YES_AGGRESSIVE;
				CLANG_WARN_UNREACHABLE_CODE = YES;
				CLANG_WARN__DUPLICATE_METHOD_MATCH = YES;
				COPY_PHASE_STRIP = NO;
				DEBUG_INFORMATION_FORMAT = dwarf;
				ENABLE_STRICT_OBJC_MSGSEND = YES;
				ENABLE_TESTABILITY = YES;
				GCC_C_LANGUAGE_STANDARD = gnu11;
				GCC_DYNAMIC_NO_PIC = NO;
				GCC_NO_COMMON_BLOCKS = YES;
				GCC_OPTIMIZATION_LEVEL = 0;
				GCC_PREPROCESSOR_DEFINITIONS = (
					"DEBUG=1",
					"$(inherited)",
				);
				GCC_WARN_64_TO_32_BIT_CONVERSION = YES;
				GCC_WARN_ABOUT_RETURN_TYPE = YES_ERROR;
				GCC_WARN_UNDECLARED_SELECTOR = YES;
				GCC_WARN_UNINITIALIZED_AUTOS = YES_AGGRESSIVE;
				GCC_WARN_UNUSED_FUNCTION = YES;
				GCC_WARN_UNUSED_VARIABLE = YES;
				IPHONEOS_DEPLOYMENT_TARGET = 13.0;
				MTL_ENABLE_DEBUG_INFO = INCLUDE_SOURCE;
				MTL_FAST_MATH = YES;
				ONLY_ACTIVE_ARCH = YES;
				SDKROOT = iphoneos;
				SWIFT_ACTIVE_COMPILATION_CONDITIONS = DEBUG;
				SWIFT_OPTIMIZATION_LEVEL = "-Onone";
			};
			name = Debug;
		};
		AFE3985C283FB7E300729F60 /* Release */ = {
			isa = XCBuildConfiguration;
			buildSettings = {
				ALWAYS_SEARCH_USER_PATHS = NO;
				CLANG_ANALYZER_LOCALIZABILITY_NONLOCALIZED = YES;
				CLANG_ANALYZER_NONNULL = YES;
				CLANG_ANALYZER_NUMBER_OBJECT_CONVERSION = YES_AGGRESSIVE;
				CLANG_CXX_LANGUAGE_STANDARD = "gnu++17";
				CLANG_CXX_LIBRARY = "libc++";
				CLANG_ENABLE_MODULES = YES;
				CLANG_ENABLE_OBJC_ARC = YES;
				CLANG_ENABLE_OBJC_WEAK = YES;
				CLANG_WARN_BLOCK_CAPTURE_AUTORELEASING = YES;
				CLANG_WARN_BOOL_CONVERSION = YES;
				CLANG_WARN_COMMA = YES;
				CLANG_WARN_CONSTANT_CONVERSION = YES;
				CLANG_WARN_DEPRECATED_OBJC_IMPLEMENTATIONS = YES;
				CLANG_WARN_DIRECT_OBJC_ISA_USAGE = YES_ERROR;
				CLANG_WARN_DOCUMENTATION_COMMENTS = YES;
				CLANG_WARN_EMPTY_BODY = YES;
				CLANG_WARN_ENUM_CONVERSION = YES;
				CLANG_WARN_INFINITE_RECURSION = YES;
				CLANG_WARN_INT_CONVERSION = YES;
				CLANG_WARN_NON_LITERAL_NULL_CONVERSION = YES;
				CLANG_WARN_OBJC_IMPLICIT_RETAIN_SELF = YES;
				CLANG_WARN_OBJC_LITERAL_CONVERSION = YES;
				CLANG_WARN_OBJC_ROOT_CLASS = YES_ERROR;
				CLANG_WARN_QUOTED_INCLUDE_IN_FRAMEWORK_HEADER = YES;
				CLANG_WARN_RANGE_LOOP_ANALYSIS = YES;
				CLANG_WARN_STRICT_PROTOTYPES = YES;
				CLANG_WARN_SUSPICIOUS_MOVE = YES;
				CLANG_WARN_UNGUARDED_AVAILABILITY = YES_AGGRESSIVE;
				CLANG_WARN_UNREACHABLE_CODE = YES;
				CLANG_WARN__DUPLICATE_METHOD_MATCH = YES;
				COPY_PHASE_STRIP = NO;
				DEBUG_INFORMATION_FORMAT = "dwarf-with-dsym";
				ENABLE_NS_ASSERTIONS = NO;
				ENABLE_STRICT_OBJC_MSGSEND = YES;
				GCC_C_LANGUAGE_STANDARD = gnu11;
				GCC_NO_COMMON_BLOCKS = YES;
				GCC_WARN_64_TO_32_BIT_CONVERSION = YES;
				GCC_WARN_ABOUT_RETURN_TYPE = YES_ERROR;
				GCC_WARN_UNDECLARED_SELECTOR = YES;
				GCC_WARN_UNINITIALIZED_AUTOS = YES_AGGRESSIVE;
				GCC_WARN_UNUSED_FUNCTION = YES;
				GCC_WARN_UNUSED_VARIABLE = YES;
				IPHONEOS_DEPLOYMENT_TARGET = 13.0;
				MTL_ENABLE_DEBUG_INFO = NO;
				MTL_FAST_MATH = YES;
				SDKROOT = iphoneos;
				SWIFT_COMPILATION_MODE = wholemodule;
				SWIFT_OPTIMIZATION_LEVEL = "-O";
				VALIDATE_PRODUCT = YES;
			};
			name = Release;
		};
		AFE3985E283FB7E300729F60 /* Debug */ = {
			isa = XCBuildConfiguration;
			buildSettings = {
				ASSETCATALOG_COMPILER_APPICON_NAME = AppIcon;
				ASSETCATALOG_COMPILER_GLOBAL_ACCENT_COLOR_NAME = AccentColor;
				CODE_SIGN_STYLE = Automatic;
				CURRENT_PROJECT_VERSION = 1;
				DEVELOPMENT_TEAM = PJ6H7TZH8L;
				GENERATE_INFOPLIST_FILE = YES;
				INFOPLIST_FILE = Complect/Info.plist;
				INFOPLIST_KEY_UIApplicationSupportsIndirectInputEvents = YES;
				INFOPLIST_KEY_UILaunchStoryboardName = LaunchScreen;
				INFOPLIST_KEY_UIMainStoryboardFile = Main;
				INFOPLIST_KEY_UISupportedInterfaceOrientations_iPad = "UIInterfaceOrientationPortrait UIInterfaceOrientationPortraitUpsideDown UIInterfaceOrientationLandscapeLeft UIInterfaceOrientationLandscapeRight";
				INFOPLIST_KEY_UISupportedInterfaceOrientations_iPhone = "UIInterfaceOrientationPortrait UIInterfaceOrientationLandscapeLeft UIInterfaceOrientationLandscapeRight";
				IPHONEOS_DEPLOYMENT_TARGET = 13.0;
				LD_RUNPATH_SEARCH_PATHS = (
					"$(inherited)",
					"@executable_path/Frameworks",
				);
				MARKETING_VERSION = 1.0;
				PRODUCT_BUNDLE_IDENTIFIER = nv.Complect;
				PRODUCT_NAME = "$(TARGET_NAME)";
				SWIFT_EMIT_LOC_STRINGS = YES;
				SWIFT_VERSION = 5.0;
				TARGETED_DEVICE_FAMILY = "1,2";
			};
			name = Debug;
		};
		AFE3985F283FB7E300729F60 /* Release */ = {
			isa = XCBuildConfiguration;
			buildSettings = {
				ASSETCATALOG_COMPILER_APPICON_NAME = AppIcon;
				ASSETCATALOG_COMPILER_GLOBAL_ACCENT_COLOR_NAME = AccentColor;
				CODE_SIGN_STYLE = Automatic;
				CURRENT_PROJECT_VERSION = 1;
				DEVELOPMENT_TEAM = PJ6H7TZH8L;
				GENERATE_INFOPLIST_FILE = YES;
				INFOPLIST_FILE = Complect/Info.plist;
				INFOPLIST_KEY_UIApplicationSupportsIndirectInputEvents = YES;
				INFOPLIST_KEY_UILaunchStoryboardName = LaunchScreen;
				INFOPLIST_KEY_UIMainStoryboardFile = Main;
				INFOPLIST_KEY_UISupportedInterfaceOrientations_iPad = "UIInterfaceOrientationPortrait UIInterfaceOrientationPortraitUpsideDown UIInterfaceOrientationLandscapeLeft UIInterfaceOrientationLandscapeRight";
				INFOPLIST_KEY_UISupportedInterfaceOrientations_iPhone = "UIInterfaceOrientationPortrait UIInterfaceOrientationLandscapeLeft UIInterfaceOrientationLandscapeRight";
				IPHONEOS_DEPLOYMENT_TARGET = 13.0;
				LD_RUNPATH_SEARCH_PATHS = (
					"$(inherited)",
					"@executable_path/Frameworks",
				);
				MARKETING_VERSION = 1.0;
				PRODUCT_BUNDLE_IDENTIFIER = nv.Complect;
				PRODUCT_NAME = "$(TARGET_NAME)";
				SWIFT_EMIT_LOC_STRINGS = YES;
				SWIFT_VERSION = 5.0;
				TARGETED_DEVICE_FAMILY = "1,2";
			};
			name = Release;
		};
/* End XCBuildConfiguration section */

/* Begin XCConfigurationList section */
		AFE39844283FB7E200729F60 /* Build configuration list for PBXProject "Complect" */ = {
			isa = XCConfigurationList;
			buildConfigurations = (
				AFE3985B283FB7E300729F60 /* Debug */,
				AFE3985C283FB7E300729F60 /* Release */,
			);
			defaultConfigurationIsVisible = 0;
			defaultConfigurationName = Release;
		};
		AFE3985D283FB7E300729F60 /* Build configuration list for PBXNativeTarget "Complect" */ = {
			isa = XCConfigurationList;
			buildConfigurations = (
				AFE3985E283FB7E300729F60 /* Debug */,
				AFE3985F283FB7E300729F60 /* Release */,
			);
			defaultConfigurationIsVisible = 0;
			defaultConfigurationName = Release;
		};
/* End XCConfigurationList section */

/* Begin XCVersionGroup section */
		AFC620F8284042E0005F236C /* Model.xcdatamodeld */ = {
			isa = XCVersionGroup;
			children = (
				AFC620F9284042E0005F236C /* Model.xcdatamodel */,
			);
			currentVersion = AFC620F9284042E0005F236C /* Model.xcdatamodel */;
			path = Model.xcdatamodeld;
			sourceTree = "<group>";
			versionGroupType = wrapper.xcdatamodel;
		};
/* End XCVersionGroup section */
	};
	rootObject = AFE39841283FB7E200729F60 /* Project object */;
}
